// !$*UTF8*$!
{
	archiveVersion = 1;
	classes = {
	};
	objectVersion = 51;
	objects = {

/* Begin PBXBuildFile section */
		2EE27C0722FCE36C002B4E00 /* CitiesViewController.swift in Sources */ = {isa = PBXBuildFile; fileRef = 2EE27C0322FCE36C002B4E00 /* CitiesViewController.swift */; };
		2EE27C0822FCE36C002B4E00 /* CitiesRouter.swift in Sources */ = {isa = PBXBuildFile; fileRef = 2EE27C0422FCE36C002B4E00 /* CitiesRouter.swift */; };
		2EE27C0922FCE36C002B4E00 /* CitiesPresenter.swift in Sources */ = {isa = PBXBuildFile; fileRef = 2EE27C0522FCE36C002B4E00 /* CitiesPresenter.swift */; };
		2EE27C0A22FCE36C002B4E00 /* CitiesInteractor.swift in Sources */ = {isa = PBXBuildFile; fileRef = 2EE27C0622FCE36C002B4E00 /* CitiesInteractor.swift */; };
		2EE27C1022FCE3D4002B4E00 /* WeatherViewController.swift in Sources */ = {isa = PBXBuildFile; fileRef = 2EE27C0C22FCE3D4002B4E00 /* WeatherViewController.swift */; };
		2EE27C1122FCE3D4002B4E00 /* WeatherInteractor.swift in Sources */ = {isa = PBXBuildFile; fileRef = 2EE27C0D22FCE3D4002B4E00 /* WeatherInteractor.swift */; };
		2EE27C1222FCE3D4002B4E00 /* WeatherRouter.swift in Sources */ = {isa = PBXBuildFile; fileRef = 2EE27C0E22FCE3D4002B4E00 /* WeatherRouter.swift */; };
		2EE27C1322FCE3D4002B4E00 /* WeatherPresenter.swift in Sources */ = {isa = PBXBuildFile; fileRef = 2EE27C0F22FCE3D4002B4E00 /* WeatherPresenter.swift */; };
		2EE27C1622FCE74F002B4E00 /* CityCell.swift in Sources */ = {isa = PBXBuildFile; fileRef = 2EE27C1522FCE74F002B4E00 /* CityCell.swift */; };
		2EE27C1E22FE24D6002B4E00 /* WeatherDetailsProtocols.swift in Sources */ = {isa = PBXBuildFile; fileRef = 2EE27C1D22FE24D6002B4E00 /* WeatherDetailsProtocols.swift */; };
		3FB2B537A88A968CBC26C08D /* Pods_WeatherAppTests.framework in Frameworks */ = {isa = PBXBuildFile; fileRef = 0852A90B18737EE320199D87 /* Pods_WeatherAppTests.framework */; };
		A806333922FC7A49000F962D /* AppDelegate.swift in Sources */ = {isa = PBXBuildFile; fileRef = A806333822FC7A49000F962D /* AppDelegate.swift */; };
		A806333E22FC7A49000F962D /* Main.storyboard in Resources */ = {isa = PBXBuildFile; fileRef = A806333C22FC7A49000F962D /* Main.storyboard */; };
		A806334022FC7A4B000F962D /* Assets.xcassets in Resources */ = {isa = PBXBuildFile; fileRef = A806333F22FC7A4B000F962D /* Assets.xcassets */; };
		A806334322FC7A4B000F962D /* LaunchScreen.storyboard in Resources */ = {isa = PBXBuildFile; fileRef = A806334122FC7A4B000F962D /* LaunchScreen.storyboard */; };
		A806334E22FC7A4B000F962D /* WeatherAppTests.swift in Sources */ = {isa = PBXBuildFile; fileRef = A806334D22FC7A4B000F962D /* WeatherAppTests.swift */; };
		A806335922FC7A4B000F962D /* WeatherAppUITests.swift in Sources */ = {isa = PBXBuildFile; fileRef = A806335822FC7A4B000F962D /* WeatherAppUITests.swift */; };
		A8AD3BF822FD6B8000A2187B /* Month.swift in Sources */ = {isa = PBXBuildFile; fileRef = A8AD3BED22FD6B8000A2187B /* Month.swift */; };
		A8AD3BF922FD6B8000A2187B /* Month.swift in Sources */ = {isa = PBXBuildFile; fileRef = A8AD3BED22FD6B8000A2187B /* Month.swift */; };
		A8AD3BFA22FD6B8000A2187B /* Month.swift in Sources */ = {isa = PBXBuildFile; fileRef = A8AD3BED22FD6B8000A2187B /* Month.swift */; };
		A8AD3BFB22FD6B8000A2187B /* Hourly.swift in Sources */ = {isa = PBXBuildFile; fileRef = A8AD3BEE22FD6B8000A2187B /* Hourly.swift */; };
		A8AD3BFC22FD6B8000A2187B /* Hourly.swift in Sources */ = {isa = PBXBuildFile; fileRef = A8AD3BEE22FD6B8000A2187B /* Hourly.swift */; };
		A8AD3BFD22FD6B8000A2187B /* Hourly.swift in Sources */ = {isa = PBXBuildFile; fileRef = A8AD3BEE22FD6B8000A2187B /* Hourly.swift */; };
		A8AD3BFE22FD6B8000A2187B /* ClimateAverages.swift in Sources */ = {isa = PBXBuildFile; fileRef = A8AD3BEF22FD6B8000A2187B /* ClimateAverages.swift */; };
		A8AD3BFF22FD6B8000A2187B /* ClimateAverages.swift in Sources */ = {isa = PBXBuildFile; fileRef = A8AD3BEF22FD6B8000A2187B /* ClimateAverages.swift */; };
		A8AD3C0022FD6B8000A2187B /* ClimateAverages.swift in Sources */ = {isa = PBXBuildFile; fileRef = A8AD3BEF22FD6B8000A2187B /* ClimateAverages.swift */; };
		A8AD3C0122FD6B8000A2187B /* Astronomy.swift in Sources */ = {isa = PBXBuildFile; fileRef = A8AD3BF022FD6B8000A2187B /* Astronomy.swift */; };
		A8AD3C0222FD6B8000A2187B /* Astronomy.swift in Sources */ = {isa = PBXBuildFile; fileRef = A8AD3BF022FD6B8000A2187B /* Astronomy.swift */; };
		A8AD3C0322FD6B8000A2187B /* Astronomy.swift in Sources */ = {isa = PBXBuildFile; fileRef = A8AD3BF022FD6B8000A2187B /* Astronomy.swift */; };
		A8AD3C0422FD6B8000A2187B /* WeatherIconUrl.swift in Sources */ = {isa = PBXBuildFile; fileRef = A8AD3BF122FD6B8000A2187B /* WeatherIconUrl.swift */; };
		A8AD3C0522FD6B8000A2187B /* WeatherIconUrl.swift in Sources */ = {isa = PBXBuildFile; fileRef = A8AD3BF122FD6B8000A2187B /* WeatherIconUrl.swift */; };
		A8AD3C0622FD6B8000A2187B /* WeatherIconUrl.swift in Sources */ = {isa = PBXBuildFile; fileRef = A8AD3BF122FD6B8000A2187B /* WeatherIconUrl.swift */; };
		A8AD3C0722FD6B8000A2187B /* WeatherModel.swift in Sources */ = {isa = PBXBuildFile; fileRef = A8AD3BF222FD6B8000A2187B /* WeatherModel.swift */; };
		A8AD3C0822FD6B8000A2187B /* WeatherModel.swift in Sources */ = {isa = PBXBuildFile; fileRef = A8AD3BF222FD6B8000A2187B /* WeatherModel.swift */; };
		A8AD3C0922FD6B8000A2187B /* WeatherModel.swift in Sources */ = {isa = PBXBuildFile; fileRef = A8AD3BF222FD6B8000A2187B /* WeatherModel.swift */; };
		A8AD3C0A22FD6B8000A2187B /* Weather.swift in Sources */ = {isa = PBXBuildFile; fileRef = A8AD3BF322FD6B8000A2187B /* Weather.swift */; };
		A8AD3C0B22FD6B8000A2187B /* Weather.swift in Sources */ = {isa = PBXBuildFile; fileRef = A8AD3BF322FD6B8000A2187B /* Weather.swift */; };
		A8AD3C0C22FD6B8000A2187B /* Weather.swift in Sources */ = {isa = PBXBuildFile; fileRef = A8AD3BF322FD6B8000A2187B /* Weather.swift */; };
		A8AD3C0D22FD6B8000A2187B /* Request.swift in Sources */ = {isa = PBXBuildFile; fileRef = A8AD3BF422FD6B8000A2187B /* Request.swift */; };
		A8AD3C0E22FD6B8000A2187B /* Request.swift in Sources */ = {isa = PBXBuildFile; fileRef = A8AD3BF422FD6B8000A2187B /* Request.swift */; };
		A8AD3C0F22FD6B8000A2187B /* Request.swift in Sources */ = {isa = PBXBuildFile; fileRef = A8AD3BF422FD6B8000A2187B /* Request.swift */; };
		A8AD3C1022FD6B8000A2187B /* Current_condition.swift in Sources */ = {isa = PBXBuildFile; fileRef = A8AD3BF522FD6B8000A2187B /* Current_condition.swift */; };
		A8AD3C1122FD6B8000A2187B /* Current_condition.swift in Sources */ = {isa = PBXBuildFile; fileRef = A8AD3BF522FD6B8000A2187B /* Current_condition.swift */; };
		A8AD3C1222FD6B8000A2187B /* Current_condition.swift in Sources */ = {isa = PBXBuildFile; fileRef = A8AD3BF522FD6B8000A2187B /* Current_condition.swift */; };
		A8AD3C1322FD6B8000A2187B /* Data.swift in Sources */ = {isa = PBXBuildFile; fileRef = A8AD3BF622FD6B8000A2187B /* Data.swift */; };
		A8AD3C1422FD6B8000A2187B /* Data.swift in Sources */ = {isa = PBXBuildFile; fileRef = A8AD3BF622FD6B8000A2187B /* Data.swift */; };
		A8AD3C1522FD6B8000A2187B /* Data.swift in Sources */ = {isa = PBXBuildFile; fileRef = A8AD3BF622FD6B8000A2187B /* Data.swift */; };
		A8AD3C1622FD6B8000A2187B /* WeatherDesc.swift in Sources */ = {isa = PBXBuildFile; fileRef = A8AD3BF722FD6B8000A2187B /* WeatherDesc.swift */; };
		A8AD3C1722FD6B8000A2187B /* WeatherDesc.swift in Sources */ = {isa = PBXBuildFile; fileRef = A8AD3BF722FD6B8000A2187B /* WeatherDesc.swift */; };
		A8AD3C1822FD6B8000A2187B /* WeatherDesc.swift in Sources */ = {isa = PBXBuildFile; fileRef = A8AD3BF722FD6B8000A2187B /* WeatherDesc.swift */; };
		A8AD3C1B22FD6D2200A2187B /* Constants.swift in Sources */ = {isa = PBXBuildFile; fileRef = A8AD3C1A22FD6D2200A2187B /* Constants.swift */; };
		A8AD3C1C22FD6D2200A2187B /* Constants.swift in Sources */ = {isa = PBXBuildFile; fileRef = A8AD3C1A22FD6D2200A2187B /* Constants.swift */; };
		A8AD3C1D22FD6D2200A2187B /* Constants.swift in Sources */ = {isa = PBXBuildFile; fileRef = A8AD3C1A22FD6D2200A2187B /* Constants.swift */; };
		A8AD3C2022FD833B00A2187B /* CitiesProtocols.swift in Sources */ = {isa = PBXBuildFile; fileRef = A8AD3C1F22FD833B00A2187B /* CitiesProtocols.swift */; };
		A8AD3C2122FD833B00A2187B /* CitiesProtocols.swift in Sources */ = {isa = PBXBuildFile; fileRef = A8AD3C1F22FD833B00A2187B /* CitiesProtocols.swift */; };
		A8AD3C2222FD833B00A2187B /* CitiesProtocols.swift in Sources */ = {isa = PBXBuildFile; fileRef = A8AD3C1F22FD833B00A2187B /* CitiesProtocols.swift */; };
		C03C30F1473637D559D361A9 /* Pods_WeatherAppUITests.framework in Frameworks */ = {isa = PBXBuildFile; fileRef = C7FC7C3E6FF4C4B1AF82F0BF /* Pods_WeatherAppUITests.framework */; };
		D23A6A555BF120D052905CAF /* Pods_WeatherApp.framework in Frameworks */ = {isa = PBXBuildFile; fileRef = 3A868CC92DD1C8C8853F26B3 /* Pods_WeatherApp.framework */; };
/* End PBXBuildFile section */

/* Begin PBXContainerItemProxy section */
		A806334A22FC7A4B000F962D /* PBXContainerItemProxy */ = {
			isa = PBXContainerItemProxy;
			containerPortal = A806332D22FC7A49000F962D /* Project object */;
			proxyType = 1;
			remoteGlobalIDString = A806333422FC7A49000F962D;
			remoteInfo = WeatherApp;
		};
		A806335522FC7A4B000F962D /* PBXContainerItemProxy */ = {
			isa = PBXContainerItemProxy;
			containerPortal = A806332D22FC7A49000F962D /* Project object */;
			proxyType = 1;
			remoteGlobalIDString = A806333422FC7A49000F962D;
			remoteInfo = WeatherApp;
		};
/* End PBXContainerItemProxy section */

/* Begin PBXFileReference section */
		0852A90B18737EE320199D87 /* Pods_WeatherAppTests.framework */ = {isa = PBXFileReference; explicitFileType = wrapper.framework; includeInIndex = 0; path = Pods_WeatherAppTests.framework; sourceTree = BUILT_PRODUCTS_DIR; };
		0E9ED3C15DAD7CE4D5321AEA /* Pods-WeatherAppTests.release.xcconfig */ = {isa = PBXFileReference; includeInIndex = 1; lastKnownFileType = text.xcconfig; name = "Pods-WeatherAppTests.release.xcconfig"; path = "Target Support Files/Pods-WeatherAppTests/Pods-WeatherAppTests.release.xcconfig"; sourceTree = "<group>"; };
		2083C9D7A1741398BDE471F6 /* Pods-WeatherAppTests.debug.xcconfig */ = {isa = PBXFileReference; includeInIndex = 1; lastKnownFileType = text.xcconfig; name = "Pods-WeatherAppTests.debug.xcconfig"; path = "Target Support Files/Pods-WeatherAppTests/Pods-WeatherAppTests.debug.xcconfig"; sourceTree = "<group>"; };
		2EE27C0322FCE36C002B4E00 /* CitiesViewController.swift */ = {isa = PBXFileReference; fileEncoding = 4; lastKnownFileType = sourcecode.swift; path = CitiesViewController.swift; sourceTree = "<group>"; };
		2EE27C0422FCE36C002B4E00 /* CitiesRouter.swift */ = {isa = PBXFileReference; fileEncoding = 4; lastKnownFileType = sourcecode.swift; path = CitiesRouter.swift; sourceTree = "<group>"; };
		2EE27C0522FCE36C002B4E00 /* CitiesPresenter.swift */ = {isa = PBXFileReference; fileEncoding = 4; lastKnownFileType = sourcecode.swift; path = CitiesPresenter.swift; sourceTree = "<group>"; };
		2EE27C0622FCE36C002B4E00 /* CitiesInteractor.swift */ = {isa = PBXFileReference; fileEncoding = 4; lastKnownFileType = sourcecode.swift; path = CitiesInteractor.swift; sourceTree = "<group>"; };
		2EE27C0C22FCE3D4002B4E00 /* WeatherViewController.swift */ = {isa = PBXFileReference; fileEncoding = 4; lastKnownFileType = sourcecode.swift; path = WeatherViewController.swift; sourceTree = "<group>"; };
		2EE27C0D22FCE3D4002B4E00 /* WeatherInteractor.swift */ = {isa = PBXFileReference; fileEncoding = 4; lastKnownFileType = sourcecode.swift; path = WeatherInteractor.swift; sourceTree = "<group>"; };
		2EE27C0E22FCE3D4002B4E00 /* WeatherRouter.swift */ = {isa = PBXFileReference; fileEncoding = 4; lastKnownFileType = sourcecode.swift; path = WeatherRouter.swift; sourceTree = "<group>"; };
		2EE27C0F22FCE3D4002B4E00 /* WeatherPresenter.swift */ = {isa = PBXFileReference; fileEncoding = 4; lastKnownFileType = sourcecode.swift; path = WeatherPresenter.swift; sourceTree = "<group>"; };
		2EE27C1522FCE74F002B4E00 /* CityCell.swift */ = {isa = PBXFileReference; lastKnownFileType = sourcecode.swift; path = CityCell.swift; sourceTree = "<group>"; };
		2EE27C1D22FE24D6002B4E00 /* WeatherDetailsProtocols.swift */ = {isa = PBXFileReference; lastKnownFileType = sourcecode.swift; path = WeatherDetailsProtocols.swift; sourceTree = "<group>"; };
		3A868CC92DD1C8C8853F26B3 /* Pods_WeatherApp.framework */ = {isa = PBXFileReference; explicitFileType = wrapper.framework; includeInIndex = 0; path = Pods_WeatherApp.framework; sourceTree = BUILT_PRODUCTS_DIR; };
		3BE86D85212B6A2B0726742F /* Pods-WeatherAppUITests.debug.xcconfig */ = {isa = PBXFileReference; includeInIndex = 1; lastKnownFileType = text.xcconfig; name = "Pods-WeatherAppUITests.debug.xcconfig"; path = "Target Support Files/Pods-WeatherAppUITests/Pods-WeatherAppUITests.debug.xcconfig"; sourceTree = "<group>"; };
		3DCE05A2A73094FBA59393EE /* Pods-WeatherAppUITests.release.xcconfig */ = {isa = PBXFileReference; includeInIndex = 1; lastKnownFileType = text.xcconfig; name = "Pods-WeatherAppUITests.release.xcconfig"; path = "Target Support Files/Pods-WeatherAppUITests/Pods-WeatherAppUITests.release.xcconfig"; sourceTree = "<group>"; };
		765C1BD89F1441B6AEE31E82 /* Pods-WeatherApp.debug.xcconfig */ = {isa = PBXFileReference; includeInIndex = 1; lastKnownFileType = text.xcconfig; name = "Pods-WeatherApp.debug.xcconfig"; path = "Target Support Files/Pods-WeatherApp/Pods-WeatherApp.debug.xcconfig"; sourceTree = "<group>"; };
		A806333522FC7A49000F962D /* WeatherApp.app */ = {isa = PBXFileReference; explicitFileType = wrapper.application; includeInIndex = 0; path = WeatherApp.app; sourceTree = BUILT_PRODUCTS_DIR; };
		A806333822FC7A49000F962D /* AppDelegate.swift */ = {isa = PBXFileReference; lastKnownFileType = sourcecode.swift; path = AppDelegate.swift; sourceTree = "<group>"; };
		A806333D22FC7A49000F962D /* Base */ = {isa = PBXFileReference; lastKnownFileType = file.storyboard; name = Base; path = Base.lproj/Main.storyboard; sourceTree = "<group>"; };
		A806333F22FC7A4B000F962D /* Assets.xcassets */ = {isa = PBXFileReference; lastKnownFileType = folder.assetcatalog; path = Assets.xcassets; sourceTree = "<group>"; };
		A806334222FC7A4B000F962D /* Base */ = {isa = PBXFileReference; lastKnownFileType = file.storyboard; name = Base; path = Base.lproj/LaunchScreen.storyboard; sourceTree = "<group>"; };
		A806334422FC7A4B000F962D /* Info.plist */ = {isa = PBXFileReference; lastKnownFileType = text.plist.xml; path = Info.plist; sourceTree = "<group>"; };
		A806334922FC7A4B000F962D /* WeatherAppTests.xctest */ = {isa = PBXFileReference; explicitFileType = wrapper.cfbundle; includeInIndex = 0; path = WeatherAppTests.xctest; sourceTree = BUILT_PRODUCTS_DIR; };
		A806334D22FC7A4B000F962D /* WeatherAppTests.swift */ = {isa = PBXFileReference; lastKnownFileType = sourcecode.swift; path = WeatherAppTests.swift; sourceTree = "<group>"; };
		A806334F22FC7A4B000F962D /* Info.plist */ = {isa = PBXFileReference; lastKnownFileType = text.plist.xml; path = Info.plist; sourceTree = "<group>"; };
		A806335422FC7A4B000F962D /* WeatherAppUITests.xctest */ = {isa = PBXFileReference; explicitFileType = wrapper.cfbundle; includeInIndex = 0; path = WeatherAppUITests.xctest; sourceTree = BUILT_PRODUCTS_DIR; };
		A806335822FC7A4B000F962D /* WeatherAppUITests.swift */ = {isa = PBXFileReference; lastKnownFileType = sourcecode.swift; path = WeatherAppUITests.swift; sourceTree = "<group>"; };
		A806335A22FC7A4B000F962D /* Info.plist */ = {isa = PBXFileReference; lastKnownFileType = text.plist.xml; path = Info.plist; sourceTree = "<group>"; };
		A8AD3BED22FD6B8000A2187B /* Month.swift */ = {isa = PBXFileReference; fileEncoding = 4; lastKnownFileType = sourcecode.swift; path = Month.swift; sourceTree = "<group>"; };
		A8AD3BEE22FD6B8000A2187B /* Hourly.swift */ = {isa = PBXFileReference; fileEncoding = 4; lastKnownFileType = sourcecode.swift; path = Hourly.swift; sourceTree = "<group>"; };
		A8AD3BEF22FD6B8000A2187B /* ClimateAverages.swift */ = {isa = PBXFileReference; fileEncoding = 4; lastKnownFileType = sourcecode.swift; path = ClimateAverages.swift; sourceTree = "<group>"; };
		A8AD3BF022FD6B8000A2187B /* Astronomy.swift */ = {isa = PBXFileReference; fileEncoding = 4; lastKnownFileType = sourcecode.swift; path = Astronomy.swift; sourceTree = "<group>"; };
		A8AD3BF122FD6B8000A2187B /* WeatherIconUrl.swift */ = {isa = PBXFileReference; fileEncoding = 4; lastKnownFileType = sourcecode.swift; path = WeatherIconUrl.swift; sourceTree = "<group>"; };
		A8AD3BF222FD6B8000A2187B /* WeatherModel.swift */ = {isa = PBXFileReference; fileEncoding = 4; lastKnownFileType = sourcecode.swift; path = WeatherModel.swift; sourceTree = "<group>"; };
		A8AD3BF322FD6B8000A2187B /* Weather.swift */ = {isa = PBXFileReference; fileEncoding = 4; lastKnownFileType = sourcecode.swift; path = Weather.swift; sourceTree = "<group>"; };
		A8AD3BF422FD6B8000A2187B /* Request.swift */ = {isa = PBXFileReference; fileEncoding = 4; lastKnownFileType = sourcecode.swift; path = Request.swift; sourceTree = "<group>"; };
		A8AD3BF522FD6B8000A2187B /* Current_condition.swift */ = {isa = PBXFileReference; fileEncoding = 4; lastKnownFileType = sourcecode.swift; path = Current_condition.swift; sourceTree = "<group>"; };
		A8AD3BF622FD6B8000A2187B /* Data.swift */ = {isa = PBXFileReference; fileEncoding = 4; lastKnownFileType = sourcecode.swift; path = Data.swift; sourceTree = "<group>"; };
		A8AD3BF722FD6B8000A2187B /* WeatherDesc.swift */ = {isa = PBXFileReference; fileEncoding = 4; lastKnownFileType = sourcecode.swift; path = WeatherDesc.swift; sourceTree = "<group>"; };
		A8AD3C1A22FD6D2200A2187B /* Constants.swift */ = {isa = PBXFileReference; lastKnownFileType = sourcecode.swift; path = Constants.swift; sourceTree = "<group>"; };
		A8AD3C1F22FD833B00A2187B /* CitiesProtocols.swift */ = {isa = PBXFileReference; lastKnownFileType = sourcecode.swift; path = CitiesProtocols.swift; sourceTree = "<group>"; };
		C7FC7C3E6FF4C4B1AF82F0BF /* Pods_WeatherAppUITests.framework */ = {isa = PBXFileReference; explicitFileType = wrapper.framework; includeInIndex = 0; path = Pods_WeatherAppUITests.framework; sourceTree = BUILT_PRODUCTS_DIR; };
		E9C564427FD086B9CDDEC5BF /* Pods-WeatherApp.release.xcconfig */ = {isa = PBXFileReference; includeInIndex = 1; lastKnownFileType = text.xcconfig; name = "Pods-WeatherApp.release.xcconfig"; path = "Target Support Files/Pods-WeatherApp/Pods-WeatherApp.release.xcconfig"; sourceTree = "<group>"; };
/* End PBXFileReference section */

/* Begin PBXFrameworksBuildPhase section */
		A806333222FC7A49000F962D /* Frameworks */ = {
			isa = PBXFrameworksBuildPhase;
			buildActionMask = 2147483647;
			files = (
				D23A6A555BF120D052905CAF /* Pods_WeatherApp.framework in Frameworks */,
			);
			runOnlyForDeploymentPostprocessing = 0;
		};
		A806334622FC7A4B000F962D /* Frameworks */ = {
			isa = PBXFrameworksBuildPhase;
			buildActionMask = 2147483647;
			files = (
				3FB2B537A88A968CBC26C08D /* Pods_WeatherAppTests.framework in Frameworks */,
			);
			runOnlyForDeploymentPostprocessing = 0;
		};
		A806335122FC7A4B000F962D /* Frameworks */ = {
			isa = PBXFrameworksBuildPhase;
			buildActionMask = 2147483647;
			files = (
				C03C30F1473637D559D361A9 /* Pods_WeatherAppUITests.framework in Frameworks */,
			);
			runOnlyForDeploymentPostprocessing = 0;
		};
/* End PBXFrameworksBuildPhase section */

/* Begin PBXGroup section */
		2EE27BFE22FCE209002B4E00 /* ui */ = {
			isa = PBXGroup;
			children = (
				A806333C22FC7A49000F962D /* Main.storyboard */,
				A806334122FC7A4B000F962D /* LaunchScreen.storyboard */,
			);
			path = ui;
			sourceTree = "<group>";
		};
		2EE27BFF22FCE244002B4E00 /* Resources */ = {
			isa = PBXGroup;
			children = (
				A806333F22FC7A4B000F962D /* Assets.xcassets */,
			);
			path = Resources;
			sourceTree = "<group>";
		};
		2EE27C0022FCE26A002B4E00 /* Settings */ = {
			isa = PBXGroup;
			children = (
				A806333822FC7A49000F962D /* AppDelegate.swift */,
			);
			path = Settings;
			sourceTree = "<group>";
		};
		2EE27C0122FCE279002B4E00 /* Modules */ = {
			isa = PBXGroup;
			children = (
				2EE27C0222FCE36C002B4E00 /* Cities */,
				2EE27C0B22FCE3D4002B4E00 /* WeatherDetails */,
			);
			path = Modules;
			sourceTree = "<group>";
		};
		2EE27C0222FCE36C002B4E00 /* Cities */ = {
			isa = PBXGroup;
			children = (
				A8AD3C1E22FD831600A2187B /* Protocols */,
				2EE27C1722FCF267002B4E00 /* Models */,
				2EE27C1422FCE5CC002B4E00 /* Views */,
				2EE27C0422FCE36C002B4E00 /* CitiesRouter.swift */,
				2EE27C0522FCE36C002B4E00 /* CitiesPresenter.swift */,
				2EE27C0622FCE36C002B4E00 /* CitiesInteractor.swift */,
				2EE27C0322FCE36C002B4E00 /* CitiesViewController.swift */,
			);
			path = Cities;
			sourceTree = "<group>";
		};
		2EE27C0B22FCE3D4002B4E00 /* WeatherDetails */ = {
			isa = PBXGroup;
			children = (
				2EE27C1C22FE22E5002B4E00 /* Protocols */,
				2EE27C0D22FCE3D4002B4E00 /* WeatherInteractor.swift */,
				2EE27C0E22FCE3D4002B4E00 /* WeatherRouter.swift */,
				2EE27C0F22FCE3D4002B4E00 /* WeatherPresenter.swift */,
				2EE27C0C22FCE3D4002B4E00 /* WeatherViewController.swift */,
			);
			path = WeatherDetails;
			sourceTree = "<group>";
		};
		2EE27C1422FCE5CC002B4E00 /* Views */ = {
			isa = PBXGroup;
			children = (
				2EE27C1522FCE74F002B4E00 /* CityCell.swift */,
			);
			path = Views;
			sourceTree = "<group>";
		};
		2EE27C1722FCF267002B4E00 /* Models */ = {
			isa = PBXGroup;
			children = (
				A8AD3BF022FD6B8000A2187B /* Astronomy.swift */,
				A8AD3BEF22FD6B8000A2187B /* ClimateAverages.swift */,
				A8AD3BF522FD6B8000A2187B /* Current_condition.swift */,
				A8AD3BF622FD6B8000A2187B /* Data.swift */,
				A8AD3BEE22FD6B8000A2187B /* Hourly.swift */,
				A8AD3BED22FD6B8000A2187B /* Month.swift */,
				A8AD3BF422FD6B8000A2187B /* Request.swift */,
				A8AD3BF322FD6B8000A2187B /* Weather.swift */,
				A8AD3BF722FD6B8000A2187B /* WeatherDesc.swift */,
				A8AD3BF122FD6B8000A2187B /* WeatherIconUrl.swift */,
				A8AD3BF222FD6B8000A2187B /* WeatherModel.swift */,
			);
			path = Models;
			sourceTree = "<group>";
		};
		2EE27C1C22FE22E5002B4E00 /* Protocols */ = {
			isa = PBXGroup;
			children = (
				2EE27C1D22FE24D6002B4E00 /* WeatherDetailsProtocols.swift */,
			);
			path = Protocols;
			sourceTree = "<group>";
		};
		A806332C22FC7A49000F962D = {
			isa = PBXGroup;
			children = (
				A806333722FC7A49000F962D /* WeatherApp */,
				A806334C22FC7A4B000F962D /* WeatherAppTests */,
				A806335722FC7A4B000F962D /* WeatherAppUITests */,
				A806333622FC7A49000F962D /* Products */,
				FB183C6252A6265E1702030C /* Pods */,
				D32CB4FDB6ED7A4EA55F1694 /* Frameworks */,
			);
			sourceTree = "<group>";
		};
		A806333622FC7A49000F962D /* Products */ = {
			isa = PBXGroup;
			children = (
				A806333522FC7A49000F962D /* WeatherApp.app */,
				A806334922FC7A4B000F962D /* WeatherAppTests.xctest */,
				A806335422FC7A4B000F962D /* WeatherAppUITests.xctest */,
			);
			name = Products;
			sourceTree = "<group>";
		};
		A806333722FC7A49000F962D /* WeatherApp */ = {
			isa = PBXGroup;
			children = (
				2EE27BFF22FCE244002B4E00 /* Resources */,
				2EE27BFE22FCE209002B4E00 /* ui */,
				2EE27C0022FCE26A002B4E00 /* Settings */,
				A8AD3C1922FD6D0500A2187B /* Constants */,
				2EE27C0122FCE279002B4E00 /* Modules */,
				A806334422FC7A4B000F962D /* Info.plist */,
			);
			path = WeatherApp;
			sourceTree = "<group>";
		};
		A806334C22FC7A4B000F962D /* WeatherAppTests */ = {
			isa = PBXGroup;
			children = (
				A806334D22FC7A4B000F962D /* WeatherAppTests.swift */,
				A806334F22FC7A4B000F962D /* Info.plist */,
			);
			path = WeatherAppTests;
			sourceTree = "<group>";
		};
		A806335722FC7A4B000F962D /* WeatherAppUITests */ = {
			isa = PBXGroup;
			children = (
				A806335822FC7A4B000F962D /* WeatherAppUITests.swift */,
				A806335A22FC7A4B000F962D /* Info.plist */,
			);
			path = WeatherAppUITests;
			sourceTree = "<group>";
		};
		A8AD3C1922FD6D0500A2187B /* Constants */ = {
			isa = PBXGroup;
			children = (
				A8AD3C1A22FD6D2200A2187B /* Constants.swift */,
			);
			path = Constants;
			sourceTree = "<group>";
		};
		A8AD3C1E22FD831600A2187B /* Protocols */ = {
			isa = PBXGroup;
			children = (
				A8AD3C1F22FD833B00A2187B /* CitiesProtocols.swift */,
			);
			path = Protocols;
			sourceTree = "<group>";
		};
		D32CB4FDB6ED7A4EA55F1694 /* Frameworks */ = {
			isa = PBXGroup;
			children = (
				3A868CC92DD1C8C8853F26B3 /* Pods_WeatherApp.framework */,
				0852A90B18737EE320199D87 /* Pods_WeatherAppTests.framework */,
				C7FC7C3E6FF4C4B1AF82F0BF /* Pods_WeatherAppUITests.framework */,
			);
			name = Frameworks;
			sourceTree = "<group>";
		};
		FB183C6252A6265E1702030C /* Pods */ = {
			isa = PBXGroup;
			children = (
				765C1BD89F1441B6AEE31E82 /* Pods-WeatherApp.debug.xcconfig */,
				E9C564427FD086B9CDDEC5BF /* Pods-WeatherApp.release.xcconfig */,
				2083C9D7A1741398BDE471F6 /* Pods-WeatherAppTests.debug.xcconfig */,
				0E9ED3C15DAD7CE4D5321AEA /* Pods-WeatherAppTests.release.xcconfig */,
				3BE86D85212B6A2B0726742F /* Pods-WeatherAppUITests.debug.xcconfig */,
				3DCE05A2A73094FBA59393EE /* Pods-WeatherAppUITests.release.xcconfig */,
			);
			path = Pods;
			sourceTree = "<group>";
		};
/* End PBXGroup section */

/* Begin PBXNativeTarget section */
		A806333422FC7A49000F962D /* WeatherApp */ = {
			isa = PBXNativeTarget;
			buildConfigurationList = A806335D22FC7A4B000F962D /* Build configuration list for PBXNativeTarget "WeatherApp" */;
			buildPhases = (
				2654372812E10B78D4296542 /* [CP] Check Pods Manifest.lock */,
				A806333122FC7A49000F962D /* Sources */,
				A806333222FC7A49000F962D /* Frameworks */,
				A806333322FC7A49000F962D /* Resources */,
				6C3B00C82B9C90C645CE4A6A /* [CP] Embed Pods Frameworks */,
			);
			buildRules = (
			);
			dependencies = (
			);
			name = WeatherApp;
			productName = WeatherApp;
			productReference = A806333522FC7A49000F962D /* WeatherApp.app */;
			productType = "com.apple.product-type.application";
		};
		A806334822FC7A4B000F962D /* WeatherAppTests */ = {
			isa = PBXNativeTarget;
			buildConfigurationList = A806336022FC7A4B000F962D /* Build configuration list for PBXNativeTarget "WeatherAppTests" */;
			buildPhases = (
				3C5F9EF080602146833C100B /* [CP] Check Pods Manifest.lock */,
				A806334522FC7A4B000F962D /* Sources */,
				A806334622FC7A4B000F962D /* Frameworks */,
				A806334722FC7A4B000F962D /* Resources */,
			);
			buildRules = (
			);
			dependencies = (
				A806334B22FC7A4B000F962D /* PBXTargetDependency */,
			);
			name = WeatherAppTests;
			productName = WeatherAppTests;
			productReference = A806334922FC7A4B000F962D /* WeatherAppTests.xctest */;
			productType = "com.apple.product-type.bundle.unit-test";
		};
		A806335322FC7A4B000F962D /* WeatherAppUITests */ = {
			isa = PBXNativeTarget;
			buildConfigurationList = A806336322FC7A4B000F962D /* Build configuration list for PBXNativeTarget "WeatherAppUITests" */;
			buildPhases = (
				74E12D2A45A601F3BBEC58C5 /* [CP] Check Pods Manifest.lock */,
				A806335022FC7A4B000F962D /* Sources */,
				A806335122FC7A4B000F962D /* Frameworks */,
				A806335222FC7A4B000F962D /* Resources */,
			);
			buildRules = (
			);
			dependencies = (
				A806335622FC7A4B000F962D /* PBXTargetDependency */,
			);
			name = WeatherAppUITests;
			productName = WeatherAppUITests;
			productReference = A806335422FC7A4B000F962D /* WeatherAppUITests.xctest */;
			productType = "com.apple.product-type.bundle.ui-testing";
		};
/* End PBXNativeTarget section */

/* Begin PBXProject section */
		A806332D22FC7A49000F962D /* Project object */ = {
			isa = PBXProject;
			attributes = {
				LastSwiftUpdateCheck = 1020;
				LastUpgradeCheck = 1020;
				ORGANIZATIONNAME = "Mohamed Mernissi";
				TargetAttributes = {
					A806333422FC7A49000F962D = {
						CreatedOnToolsVersion = 10.2.1;
					};
					A806334822FC7A4B000F962D = {
						CreatedOnToolsVersion = 10.2.1;
						TestTargetID = A806333422FC7A49000F962D;
					};
					A806335322FC7A4B000F962D = {
						CreatedOnToolsVersion = 10.2.1;
						TestTargetID = A806333422FC7A49000F962D;
					};
				};
			};
			buildConfigurationList = A806333022FC7A49000F962D /* Build configuration list for PBXProject "WeatherApp" */;
			compatibilityVersion = "Xcode 9.3";
			developmentRegion = en;
			hasScannedForEncodings = 0;
			knownRegions = (
				en,
				Base,
			);
			mainGroup = A806332C22FC7A49000F962D;
			productRefGroup = A806333622FC7A49000F962D /* Products */;
			projectDirPath = "";
			projectRoot = "";
			targets = (
				A806333422FC7A49000F962D /* WeatherApp */,
				A806334822FC7A4B000F962D /* WeatherAppTests */,
				A806335322FC7A4B000F962D /* WeatherAppUITests */,
			);
		};
/* End PBXProject section */

/* Begin PBXResourcesBuildPhase section */
		A806333322FC7A49000F962D /* Resources */ = {
			isa = PBXResourcesBuildPhase;
			buildActionMask = 2147483647;
			files = (
				A806334322FC7A4B000F962D /* LaunchScreen.storyboard in Resources */,
				A806334022FC7A4B000F962D /* Assets.xcassets in Resources */,
				A806333E22FC7A49000F962D /* Main.storyboard in Resources */,
			);
			runOnlyForDeploymentPostprocessing = 0;
		};
		A806334722FC7A4B000F962D /* Resources */ = {
			isa = PBXResourcesBuildPhase;
			buildActionMask = 2147483647;
			files = (
			);
			runOnlyForDeploymentPostprocessing = 0;
		};
		A806335222FC7A4B000F962D /* Resources */ = {
			isa = PBXResourcesBuildPhase;
			buildActionMask = 2147483647;
			files = (
			);
			runOnlyForDeploymentPostprocessing = 0;
		};
/* End PBXResourcesBuildPhase section */

/* Begin PBXShellScriptBuildPhase section */
		2654372812E10B78D4296542 /* [CP] Check Pods Manifest.lock */ = {
			isa = PBXShellScriptBuildPhase;
			buildActionMask = 2147483647;
			files = (
			);
			inputFileListPaths = (
			);
			inputPaths = (
				"${PODS_PODFILE_DIR_PATH}/Podfile.lock",
				"${PODS_ROOT}/Manifest.lock",
			);
			name = "[CP] Check Pods Manifest.lock";
			outputFileListPaths = (
			);
			outputPaths = (
				"$(DERIVED_FILE_DIR)/Pods-WeatherApp-checkManifestLockResult.txt",
			);
			runOnlyForDeploymentPostprocessing = 0;
			shellPath = /bin/sh;
			shellScript = "diff \"${PODS_PODFILE_DIR_PATH}/Podfile.lock\" \"${PODS_ROOT}/Manifest.lock\" > /dev/null\nif [ $? != 0 ] ; then\n    # print error to STDERR\n    echo \"error: The sandbox is not in sync with the Podfile.lock. Run 'pod install' or update your CocoaPods installation.\" >&2\n    exit 1\nfi\n# This output is used by Xcode 'outputs' to avoid re-running this script phase.\necho \"SUCCESS\" > \"${SCRIPT_OUTPUT_FILE_0}\"\n";
			showEnvVarsInLog = 0;
		};
		3C5F9EF080602146833C100B /* [CP] Check Pods Manifest.lock */ = {
			isa = PBXShellScriptBuildPhase;
			buildActionMask = 2147483647;
			files = (
			);
			inputFileListPaths = (
			);
			inputPaths = (
				"${PODS_PODFILE_DIR_PATH}/Podfile.lock",
				"${PODS_ROOT}/Manifest.lock",
			);
			name = "[CP] Check Pods Manifest.lock";
			outputFileListPaths = (
			);
			outputPaths = (
				"$(DERIVED_FILE_DIR)/Pods-WeatherAppTests-checkManifestLockResult.txt",
			);
			runOnlyForDeploymentPostprocessing = 0;
			shellPath = /bin/sh;
			shellScript = "diff \"${PODS_PODFILE_DIR_PATH}/Podfile.lock\" \"${PODS_ROOT}/Manifest.lock\" > /dev/null\nif [ $? != 0 ] ; then\n    # print error to STDERR\n    echo \"error: The sandbox is not in sync with the Podfile.lock. Run 'pod install' or update your CocoaPods installation.\" >&2\n    exit 1\nfi\n# This output is used by Xcode 'outputs' to avoid re-running this script phase.\necho \"SUCCESS\" > \"${SCRIPT_OUTPUT_FILE_0}\"\n";
			showEnvVarsInLog = 0;
		};
		6C3B00C82B9C90C645CE4A6A /* [CP] Embed Pods Frameworks */ = {
			isa = PBXShellScriptBuildPhase;
			buildActionMask = 2147483647;
			files = (
			);
			inputFileListPaths = (
				"${PODS_ROOT}/Target Support Files/Pods-WeatherApp/Pods-WeatherApp-frameworks-${CONFIGURATION}-input-files.xcfilelist",
			);
			name = "[CP] Embed Pods Frameworks";
			outputFileListPaths = (
				"${PODS_ROOT}/Target Support Files/Pods-WeatherApp/Pods-WeatherApp-frameworks-${CONFIGURATION}-output-files.xcfilelist",
			);
			runOnlyForDeploymentPostprocessing = 0;
			shellPath = /bin/sh;
			shellScript = "\"${PODS_ROOT}/Target Support Files/Pods-WeatherApp/Pods-WeatherApp-frameworks.sh\"\n";
			showEnvVarsInLog = 0;
		};
		74E12D2A45A601F3BBEC58C5 /* [CP] Check Pods Manifest.lock */ = {
			isa = PBXShellScriptBuildPhase;
			buildActionMask = 2147483647;
			files = (
			);
			inputFileListPaths = (
			);
			inputPaths = (
				"${PODS_PODFILE_DIR_PATH}/Podfile.lock",
				"${PODS_ROOT}/Manifest.lock",
			);
			name = "[CP] Check Pods Manifest.lock";
			outputFileListPaths = (
			);
			outputPaths = (
				"$(DERIVED_FILE_DIR)/Pods-WeatherAppUITests-checkManifestLockResult.txt",
			);
			runOnlyForDeploymentPostprocessing = 0;
			shellPath = /bin/sh;
			shellScript = "diff \"${PODS_PODFILE_DIR_PATH}/Podfile.lock\" \"${PODS_ROOT}/Manifest.lock\" > /dev/null\nif [ $? != 0 ] ; then\n    # print error to STDERR\n    echo \"error: The sandbox is not in sync with the Podfile.lock. Run 'pod install' or update your CocoaPods installation.\" >&2\n    exit 1\nfi\n# This output is used by Xcode 'outputs' to avoid re-running this script phase.\necho \"SUCCESS\" > \"${SCRIPT_OUTPUT_FILE_0}\"\n";
			showEnvVarsInLog = 0;
		};
/* End PBXShellScriptBuildPhase section */

/* Begin PBXSourcesBuildPhase section */
		A806333122FC7A49000F962D /* Sources */ = {
			isa = PBXSourcesBuildPhase;
			buildActionMask = 2147483647;
			files = (
				A806333922FC7A49000F962D /* AppDelegate.swift in Sources */,
				A8AD3C1B22FD6D2200A2187B /* Constants.swift in Sources */,
				A8AD3C1022FD6B8000A2187B /* Current_condition.swift in Sources */,
				2EE27C1E22FE24D6002B4E00 /* WeatherDetailsProtocols.swift in Sources */,
				A8AD3C0A22FD6B8000A2187B /* Weather.swift in Sources */,
				2EE27C1322FCE3D4002B4E00 /* WeatherPresenter.swift in Sources */,
				2EE27C1622FCE74F002B4E00 /* CityCell.swift in Sources */,
				A8AD3BF822FD6B8000A2187B /* Month.swift in Sources */,
				A8AD3C1622FD6B8000A2187B /* WeatherDesc.swift in Sources */,
				A8AD3C0422FD6B8000A2187B /* WeatherIconUrl.swift in Sources */,
				2EE27C1022FCE3D4002B4E00 /* WeatherViewController.swift in Sources */,
				A8AD3C0D22FD6B8000A2187B /* Request.swift in Sources */,
				2EE27C0A22FCE36C002B4E00 /* CitiesInteractor.swift in Sources */,
				A8AD3BFB22FD6B8000A2187B /* Hourly.swift in Sources */,
				A8AD3C1322FD6B8000A2187B /* Data.swift in Sources */,
				2EE27C0922FCE36C002B4E00 /* CitiesPresenter.swift in Sources */,
				2EE27C0822FCE36C002B4E00 /* CitiesRouter.swift in Sources */,
				2EE27C0722FCE36C002B4E00 /* CitiesViewController.swift in Sources */,
				A8AD3C2022FD833B00A2187B /* CitiesProtocols.swift in Sources */,
				2EE27C1122FCE3D4002B4E00 /* WeatherInteractor.swift in Sources */,
				2EE27C1222FCE3D4002B4E00 /* WeatherRouter.swift in Sources */,
				A8AD3C0122FD6B8000A2187B /* Astronomy.swift in Sources */,
				A8AD3BFE22FD6B8000A2187B /* ClimateAverages.swift in Sources */,
				A8AD3C0722FD6B8000A2187B /* WeatherModel.swift in Sources */,
			);
			runOnlyForDeploymentPostprocessing = 0;
		};
		A806334522FC7A4B000F962D /* Sources */ = {
			isa = PBXSourcesBuildPhase;
			buildActionMask = 2147483647;
			files = (
				A8AD3C0B22FD6B8000A2187B /* Weather.swift in Sources */,
				A8AD3BFC22FD6B8000A2187B /* Hourly.swift in Sources */,
				A8AD3C0522FD6B8000A2187B /* WeatherIconUrl.swift in Sources */,
				A8AD3C1722FD6B8000A2187B /* WeatherDesc.swift in Sources */,
				A8AD3C2122FD833B00A2187B /* CitiesProtocols.swift in Sources */,
				A8AD3BFF22FD6B8000A2187B /* ClimateAverages.swift in Sources */,
				A8AD3C1422FD6B8000A2187B /* Data.swift in Sources */,
				A8AD3C0822FD6B8000A2187B /* WeatherModel.swift in Sources */,
				A8AD3C1C22FD6D2200A2187B /* Constants.swift in Sources */,
				A8AD3C0222FD6B8000A2187B /* Astronomy.swift in Sources */,
				A8AD3BF922FD6B8000A2187B /* Month.swift in Sources */,
				A8AD3C1122FD6B8000A2187B /* Current_condition.swift in Sources */,
				A8AD3C0E22FD6B8000A2187B /* Request.swift in Sources */,
				A806334E22FC7A4B000F962D /* WeatherAppTests.swift in Sources */,
			);
			runOnlyForDeploymentPostprocessing = 0;
		};
		A806335022FC7A4B000F962D /* Sources */ = {
			isa = PBXSourcesBuildPhase;
			buildActionMask = 2147483647;
			files = (
				A8AD3C0C22FD6B8000A2187B /* Weather.swift in Sources */,
				A8AD3BFD22FD6B8000A2187B /* Hourly.swift in Sources */,
				A8AD3C0622FD6B8000A2187B /* WeatherIconUrl.swift in Sources */,
				A8AD3C1822FD6B8000A2187B /* WeatherDesc.swift in Sources */,
				A8AD3C2222FD833B00A2187B /* CitiesProtocols.swift in Sources */,
				A8AD3C0022FD6B8000A2187B /* ClimateAverages.swift in Sources */,
				A8AD3C1522FD6B8000A2187B /* Data.swift in Sources */,
				A8AD3C0922FD6B8000A2187B /* WeatherModel.swift in Sources */,
				A8AD3C1D22FD6D2200A2187B /* Constants.swift in Sources */,
				A8AD3C0322FD6B8000A2187B /* Astronomy.swift in Sources */,
				A8AD3BFA22FD6B8000A2187B /* Month.swift in Sources */,
				A8AD3C1222FD6B8000A2187B /* Current_condition.swift in Sources */,
				A8AD3C0F22FD6B8000A2187B /* Request.swift in Sources */,
				A806335922FC7A4B000F962D /* WeatherAppUITests.swift in Sources */,
			);
			runOnlyForDeploymentPostprocessing = 0;
		};
/* End PBXSourcesBuildPhase section */

/* Begin PBXTargetDependency section */
		A806334B22FC7A4B000F962D /* PBXTargetDependency */ = {
			isa = PBXTargetDependency;
			target = A806333422FC7A49000F962D /* WeatherApp */;
			targetProxy = A806334A22FC7A4B000F962D /* PBXContainerItemProxy */;
		};
		A806335622FC7A4B000F962D /* PBXTargetDependency */ = {
			isa = PBXTargetDependency;
			target = A806333422FC7A49000F962D /* WeatherApp */;
			targetProxy = A806335522FC7A4B000F962D /* PBXContainerItemProxy */;
		};
/* End PBXTargetDependency section */

/* Begin PBXVariantGroup section */
		A806333C22FC7A49000F962D /* Main.storyboard */ = {
			isa = PBXVariantGroup;
			children = (
				A806333D22FC7A49000F962D /* Base */,
			);
			name = Main.storyboard;
			sourceTree = "<group>";
		};
		A806334122FC7A4B000F962D /* LaunchScreen.storyboard */ = {
			isa = PBXVariantGroup;
			children = (
				A806334222FC7A4B000F962D /* Base */,
			);
			name = LaunchScreen.storyboard;
			sourceTree = "<group>";
		};
/* End PBXVariantGroup section */

/* Begin XCBuildConfiguration section */
		A806335B22FC7A4B000F962D /* Debug */ = {
			isa = XCBuildConfiguration;
			buildSettings = {
				ALWAYS_SEARCH_USER_PATHS = NO;
				CLANG_ANALYZER_NONNULL = YES;
				CLANG_ANALYZER_NUMBER_OBJECT_CONVERSION = YES_AGGRESSIVE;
				CLANG_CXX_LANGUAGE_STANDARD = "gnu++14";
				CLANG_CXX_LIBRARY = "libc++";
				CLANG_ENABLE_MODULES = YES;
				CLANG_ENABLE_OBJC_ARC = YES;
				CLANG_ENABLE_OBJC_WEAK = YES;
				CLANG_WARN_BLOCK_CAPTURE_AUTORELEASING = YES;
				CLANG_WARN_BOOL_CONVERSION = YES;
				CLANG_WARN_COMMA = YES;
				CLANG_WARN_CONSTANT_CONVERSION = YES;
				CLANG_WARN_DEPRECATED_OBJC_IMPLEMENTATIONS = YES;
				CLANG_WARN_DIRECT_OBJC_ISA_USAGE = YES_ERROR;
				CLANG_WARN_DOCUMENTATION_COMMENTS = YES;
				CLANG_WARN_EMPTY_BODY = YES;
				CLANG_WARN_ENUM_CONVERSION = YES;
				CLANG_WARN_INFINITE_RECURSION = YES;
				CLANG_WARN_INT_CONVERSION = YES;
				CLANG_WARN_NON_LITERAL_NULL_CONVERSION = YES;
				CLANG_WARN_OBJC_IMPLICIT_RETAIN_SELF = YES;
				CLANG_WARN_OBJC_LITERAL_CONVERSION = YES;
				CLANG_WARN_OBJC_ROOT_CLASS = YES_ERROR;
				CLANG_WARN_RANGE_LOOP_ANALYSIS = YES;
				CLANG_WARN_STRICT_PROTOTYPES = YES;
				CLANG_WARN_SUSPICIOUS_MOVE = YES;
				CLANG_WARN_UNGUARDED_AVAILABILITY = YES_AGGRESSIVE;
				CLANG_WARN_UNREACHABLE_CODE = YES;
				CLANG_WARN__DUPLICATE_METHOD_MATCH = YES;
				CODE_SIGN_IDENTITY = "iPhone Developer";
				COPY_PHASE_STRIP = NO;
				DEBUG_INFORMATION_FORMAT = dwarf;
				ENABLE_STRICT_OBJC_MSGSEND = YES;
				ENABLE_TESTABILITY = YES;
				GCC_C_LANGUAGE_STANDARD = gnu11;
				GCC_DYNAMIC_NO_PIC = NO;
				GCC_NO_COMMON_BLOCKS = YES;
				GCC_OPTIMIZATION_LEVEL = 0;
				GCC_PREPROCESSOR_DEFINITIONS = (
					"DEBUG=1",
					"$(inherited)",
				);
				GCC_WARN_64_TO_32_BIT_CONVERSION = YES;
				GCC_WARN_ABOUT_RETURN_TYPE = YES_ERROR;
				GCC_WARN_UNDECLARED_SELECTOR = YES;
				GCC_WARN_UNINITIALIZED_AUTOS = YES_AGGRESSIVE;
				GCC_WARN_UNUSED_FUNCTION = YES;
				GCC_WARN_UNUSED_VARIABLE = YES;
				IPHONEOS_DEPLOYMENT_TARGET = 12.2;
				MTL_ENABLE_DEBUG_INFO = INCLUDE_SOURCE;
				MTL_FAST_MATH = YES;
				ONLY_ACTIVE_ARCH = YES;
				SDKROOT = iphoneos;
				SWIFT_ACTIVE_COMPILATION_CONDITIONS = DEBUG;
				SWIFT_OPTIMIZATION_LEVEL = "-Onone";
			};
			name = Debug;
		};
		A806335C22FC7A4B000F962D /* Release */ = {
			isa = XCBuildConfiguration;
			buildSettings = {
				ALWAYS_SEARCH_USER_PATHS = NO;
				CLANG_ANALYZER_NONNULL = YES;
				CLANG_ANALYZER_NUMBER_OBJECT_CONVERSION = YES_AGGRESSIVE;
				CLANG_CXX_LANGUAGE_STANDARD = "gnu++14";
				CLANG_CXX_LIBRARY = "libc++";
				CLANG_ENABLE_MODULES = YES;
				CLANG_ENABLE_OBJC_ARC = YES;
				CLANG_ENABLE_OBJC_WEAK = YES;
				CLANG_WARN_BLOCK_CAPTURE_AUTORELEASING = YES;
				CLANG_WARN_BOOL_CONVERSION = YES;
				CLANG_WARN_COMMA = YES;
				CLANG_WARN_CONSTANT_CONVERSION = YES;
				CLANG_WARN_DEPRECATED_OBJC_IMPLEMENTATIONS = YES;
				CLANG_WARN_DIRECT_OBJC_ISA_USAGE = YES_ERROR;
				CLANG_WARN_DOCUMENTATION_COMMENTS = YES;
				CLANG_WARN_EMPTY_BODY = YES;
				CLANG_WARN_ENUM_CONVERSION = YES;
				CLANG_WARN_INFINITE_RECURSION = YES;
				CLANG_WARN_INT_CONVERSION = YES;
				CLANG_WARN_NON_LITERAL_NULL_CONVERSION = YES;
				CLANG_WARN_OBJC_IMPLICIT_RETAIN_SELF = YES;
				CLANG_WARN_OBJC_LITERAL_CONVERSION = YES;
				CLANG_WARN_OBJC_ROOT_CLASS = YES_ERROR;
				CLANG_WARN_RANGE_LOOP_ANALYSIS = YES;
				CLANG_WARN_STRICT_PROTOTYPES = YES;
				CLANG_WARN_SUSPICIOUS_MOVE = YES;
				CLANG_WARN_UNGUARDED_AVAILABILITY = YES_AGGRESSIVE;
				CLANG_WARN_UNREACHABLE_CODE = YES;
				CLANG_WARN__DUPLICATE_METHOD_MATCH = YES;
				CODE_SIGN_IDENTITY = "iPhone Developer";
				COPY_PHASE_STRIP = NO;
				DEBUG_INFORMATION_FORMAT = "dwarf-with-dsym";
				ENABLE_NS_ASSERTIONS = NO;
				ENABLE_STRICT_OBJC_MSGSEND = YES;
				GCC_C_LANGUAGE_STANDARD = gnu11;
				GCC_NO_COMMON_BLOCKS = YES;
				GCC_WARN_64_TO_32_BIT_CONVERSION = YES;
				GCC_WARN_ABOUT_RETURN_TYPE = YES_ERROR;
				GCC_WARN_UNDECLARED_SELECTOR = YES;
				GCC_WARN_UNINITIALIZED_AUTOS = YES_AGGRESSIVE;
				GCC_WARN_UNUSED_FUNCTION = YES;
				GCC_WARN_UNUSED_VARIABLE = YES;
				IPHONEOS_DEPLOYMENT_TARGET = 12.2;
				MTL_ENABLE_DEBUG_INFO = NO;
				MTL_FAST_MATH = YES;
				SDKROOT = iphoneos;
				SWIFT_COMPILATION_MODE = wholemodule;
				SWIFT_OPTIMIZATION_LEVEL = "-O";
				VALIDATE_PRODUCT = YES;
			};
			name = Release;
		};
		A806335E22FC7A4B000F962D /* Debug */ = {
			isa = XCBuildConfiguration;
			baseConfigurationReference = 765C1BD89F1441B6AEE31E82 /* Pods-WeatherApp.debug.xcconfig */;
			buildSettings = {
				ASSETCATALOG_COMPILER_APPICON_NAME = AppIcon;
				CODE_SIGN_STYLE = Automatic;
				DEVELOPMENT_TEAM = 28557U83BM;
				INFOPLIST_FILE = WeatherApp/Info.plist;
				LD_RUNPATH_SEARCH_PATHS = (
					"$(inherited)",
					"@executable_path/Frameworks",
				);
				PRODUCT_BUNDLE_IDENTIFIER = com.mernissi.WeatherApp;
				PRODUCT_NAME = "$(TARGET_NAME)";
				SWIFT_VERSION = 5.0;
				TARGETED_DEVICE_FAMILY = "1,2";
			};
			name = Debug;
		};
		A806335F22FC7A4B000F962D /* Release */ = {
			isa = XCBuildConfiguration;
			baseConfigurationReference = E9C564427FD086B9CDDEC5BF /* Pods-WeatherApp.release.xcconfig */;
			buildSettings = {
				ASSETCATALOG_COMPILER_APPICON_NAME = AppIcon;
				CODE_SIGN_STYLE = Automatic;
				DEVELOPMENT_TEAM = 28557U83BM;
				INFOPLIST_FILE = WeatherApp/Info.plist;
				LD_RUNPATH_SEARCH_PATHS = (
					"$(inherited)",
					"@executable_path/Frameworks",
				);
				PRODUCT_BUNDLE_IDENTIFIER = com.mernissi.WeatherApp;
				PRODUCT_NAME = "$(TARGET_NAME)";
				SWIFT_VERSION = 5.0;
				TARGETED_DEVICE_FAMILY = "1,2";
			};
			name = Release;
		};
		A806336122FC7A4B000F962D /* Debug */ = {
			isa = XCBuildConfiguration;
			baseConfigurationReference = 2083C9D7A1741398BDE471F6 /* Pods-WeatherAppTests.debug.xcconfig */;
			buildSettings = {
				ALWAYS_EMBED_SWIFT_STANDARD_LIBRARIES = YES;
				BUNDLE_LOADER = "$(TEST_HOST)";
				CODE_SIGN_STYLE = Automatic;
				DEVELOPMENT_TEAM = 28557U83BM;
				INFOPLIST_FILE = WeatherAppTests/Info.plist;
				LD_RUNPATH_SEARCH_PATHS = (
					"$(inherited)",
					"@executable_path/Frameworks",
					"@loader_path/Frameworks",
				);
				PRODUCT_BUNDLE_IDENTIFIER = com.mernissi.WeatherAppTests;
				PRODUCT_NAME = "$(TARGET_NAME)";
				SWIFT_VERSION = 5.0;
				TARGETED_DEVICE_FAMILY = "1,2";
				TEST_HOST = "$(BUILT_PRODUCTS_DIR)/WeatherApp.app/WeatherApp";
			};
			name = Debug;
		};
		A806336222FC7A4B000F962D /* Release */ = {
			isa = XCBuildConfiguration;
			baseConfigurationReference = 0E9ED3C15DAD7CE4D5321AEA /* Pods-WeatherAppTests.release.xcconfig */;
			buildSettings = {
				ALWAYS_EMBED_SWIFT_STANDARD_LIBRARIES = YES;
				BUNDLE_LOADER = "$(TEST_HOST)";
				CODE_SIGN_STYLE = Automatic;
				DEVELOPMENT_TEAM = 28557U83BM;
				INFOPLIST_FILE = WeatherAppTests/Info.plist;
				LD_RUNPATH_SEARCH_PATHS = (
					"$(inherited)",
					"@executable_path/Frameworks",
					"@loader_path/Frameworks",
				);
				PRODUCT_BUNDLE_IDENTIFIER = com.mernissi.WeatherAppTests;
				PRODUCT_NAME = "$(TARGET_NAME)";
				SWIFT_VERSION = 5.0;
				TARGETED_DEVICE_FAMILY = "1,2";
				TEST_HOST = "$(BUILT_PRODUCTS_DIR)/WeatherApp.app/WeatherApp";
			};
			name = Release;
		};
		A806336422FC7A4B000F962D /* Debug */ = {
			isa = XCBuildConfiguration;
			baseConfigurationReference = 3BE86D85212B6A2B0726742F /* Pods-WeatherAppUITests.debug.xcconfig */;
			buildSettings = {
				ALWAYS_EMBED_SWIFT_STANDARD_LIBRARIES = YES;
				CODE_SIGN_STYLE = Automatic;
				DEVELOPMENT_TEAM = 28557U83BM;
				INFOPLIST_FILE = WeatherAppUITests/Info.plist;
				LD_RUNPATH_SEARCH_PATHS = (
					"$(inherited)",
					"@executable_path/Frameworks",
					"@loader_path/Frameworks",
				);
				PRODUCT_BUNDLE_IDENTIFIER = com.mernissi.WeatherAppUITests;
				PRODUCT_NAME = "$(TARGET_NAME)";
				SWIFT_VERSION = 5.0;
				TARGETED_DEVICE_FAMILY = "1,2";
				TEST_TARGET_NAME = WeatherApp;
			};
			name = Debug;
		};
		A806336522FC7A4B000F962D /* Release */ = {
			isa = XCBuildConfiguration;
			baseConfigurationReference = 3DCE05A2A73094FBA59393EE /* Pods-WeatherAppUITests.release.xcconfig */;
			buildSettings = {
				ALWAYS_EMBED_SWIFT_STANDARD_LIBRARIES = YES;
				CODE_SIGN_STYLE = Automatic;
				DEVELOPMENT_TEAM = 28557U83BM;
				INFOPLIST_FILE = WeatherAppUITests/Info.plist;
				LD_RUNPATH_SEARCH_PATHS = (
					"$(inherited)",
					"@executable_path/Frameworks",
					"@loader_path/Frameworks",
				);
				PRODUCT_BUNDLE_IDENTIFIER = com.mernissi.WeatherAppUITests;
				PRODUCT_NAME = "$(TARGET_NAME)";
				SWIFT_VERSION = 5.0;
				TARGETED_DEVICE_FAMILY = "1,2";
				TEST_TARGET_NAME = WeatherApp;
			};
			name = Release;
		};
/* End XCBuildConfiguration section */

/* Begin XCConfigurationList section */
		A806333022FC7A49000F962D /* Build configuration list for PBXProject "WeatherApp" */ = {
			isa = XCConfigurationList;
			buildConfigurations = (
				A806335B22FC7A4B000F962D /* Debug */,
				A806335C22FC7A4B000F962D /* Release */,
			);
			defaultConfigurationIsVisible = 0;
			defaultConfigurationName = Release;
		};
		A806335D22FC7A4B000F962D /* Build configuration list for PBXNativeTarget "WeatherApp" */ = {
			isa = XCConfigurationList;
			buildConfigurations = (
				A806335E22FC7A4B000F962D /* Debug */,
				A806335F22FC7A4B000F962D /* Release */,
			);
			defaultConfigurationIsVisible = 0;
			defaultConfigurationName = Release;
		};
		A806336022FC7A4B000F962D /* Build configuration list for PBXNativeTarget "WeatherAppTests" */ = {
			isa = XCConfigurationList;
			buildConfigurations = (
				A806336122FC7A4B000F962D /* Debug */,
				A806336222FC7A4B000F962D /* Release */,
			);
			defaultConfigurationIsVisible = 0;
			defaultConfigurationName = Release;
		};
		A806336322FC7A4B000F962D /* Build configuration list for PBXNativeTarget "WeatherAppUITests" */ = {
			isa = XCConfigurationList;
			buildConfigurations = (
				A806336422FC7A4B000F962D /* Debug */,
				A806336522FC7A4B000F962D /* Release */,
			);
			defaultConfigurationIsVisible = 0;
			defaultConfigurationName = Release;
		};
/* End XCConfigurationList section */
	};
	rootObject = A806332D22FC7A49000F962D /* Project object */;
}
